
Microsoft Visual Studio Solution File, Format Version 12.00
# Visual Studio Version 16
VisualStudioVersion = 16.0.30104.148
MinimumVisualStudioVersion = 10.0.40219.1
Project("{9A19103F-16F7-4668-BE54-9A1E7A4F7556}") = "RollEx", "RollEx\RollEx.csproj", "{62AD5A45-FCF8-4752-A830-EE7CE0C7612B}"
EndProject
Project("{9A19103F-16F7-4668-BE54-9A1E7A4F7556}") = "RollEx.Tests", "RollEx.Tests\RollEx.Tests.csproj", "{247925AC-4034-48A3-AC39-B0AF73492513}"
EndProject
Project("{FAE04EC0-301F-11D3-BF4B-00C04F79EFBC}") = "RollEx.Api", "RollEx.Api\RollEx.Api.csproj", "{0DAADA24-A9E7-4014-A800-5B30A0612EE1}"
EndProject
Global
	GlobalSection(SolutionConfigurationPlatforms) = preSolution
		Debug|Any CPU = Debug|Any CPU
		Release|Any CPU = Release|Any CPU
	EndGlobalSection
	GlobalSection(ProjectConfigurationPlatforms) = postSolution
		{62AD5A45-FCF8-4752-A830-EE7CE0C7612B}.Debug|Any CPU.ActiveCfg = Debug|Any CPU
		{62AD5A45-FCF8-4752-A830-EE7CE0C7612B}.Debug|Any CPU.Build.0 = Debug|Any CPU
		{62AD5A45-FCF8-4752-A830-EE7CE0C7612B}.Release|Any CPU.ActiveCfg = Release|Any CPU
		{62AD5A45-FCF8-4752-A830-EE7CE0C7612B}.Release|Any CPU.Build.0 = Release|Any CPU
		{247925AC-4034-48A3-AC39-B0AF73492513}.Debug|Any CPU.ActiveCfg = Debug|Any CPU
		{247925AC-4034-48A3-AC39-B0AF73492513}.Debug|Any CPU.Build.0 = Debug|Any CPU
		{247925AC-4034-48A3-AC39-B0AF73492513}.Release|Any CPU.ActiveCfg = Release|Any CPU
		{247925AC-4034-48A3-AC39-B0AF73492513}.Release|Any CPU.Build.0 = Release|Any CPU
		{0DAADA24-A9E7-4014-A800-5B30A0612EE1}.Debug|Any CPU.ActiveCfg = Debug|Any CPU
		{0DAADA24-A9E7-4014-A800-5B30A0612EE1}.Debug|Any CPU.Build.0 = Debug|Any CPU
		{0DAADA24-A9E7-4014-A800-5B30A0612EE1}.Release|Any CPU.ActiveCfg = Release|Any CPU
		{0DAADA24-A9E7-4014-A800-5B30A0612EE1}.Release|Any CPU.Build.0 = Release|Any CPU
	EndGlobalSection
	GlobalSection(SolutionProperties) = preSolution
		HideSolutionNode = FALSE
	EndGlobalSection
	GlobalSection(ExtensibilityGlobals) = postSolution
		SolutionGuid = {F9300D65-771A-4E7B-BA26-C48F423AB9E0}
	EndGlobalSection
EndGlobal
